
Microsoft Visual Studio Solution File, Format Version 12.00
# Visual Studio Version 16
VisualStudioVersion = 16.0.30320.27
MinimumVisualStudioVersion = 10.0.40219.1
Project("{FAE04EC0-301F-11D3-BF4B-00C04F79EFBC}") = "OTM", "OTM\OTM.csproj", "{B3186108-9B27-4C65-B2C0-D3CA214C5BB4}"
EndProject
Global
	GlobalSection(SolutionConfigurationPlatforms) = preSolution
		Debug|Any CPU = Debug|Any CPU
		Release|Any CPU = Release|Any CPU
	EndGlobalSection
	GlobalSection(ProjectConfigurationPlatforms) = postSolution
		{B3186108-9B27-4C65-B2C0-D3CA214C5BB4}.Debug|Any CPU.ActiveCfg = Debug|Any CPU
		{B3186108-9B27-4C65-B2C0-D3CA214C5BB4}.Debug|Any CPU.Build.0 = Debug|Any CPU
		{B3186108-9B27-4C65-B2C0-D3CA214C5BB4}.Release|Any CPU.ActiveCfg = Release|Any CPU
		{B3186108-9B27-4C65-B2C0-D3CA214C5BB4}.Release|Any CPU.Build.0 = Release|Any CPU
	EndGlobalSection
	GlobalSection(SolutionProperties) = preSolution
		HideSolutionNode = FALSE
	EndGlobalSection
	GlobalSection(ExtensibilityGlobals) = postSolution
		SolutionGuid = {D479E88D-A413-4D56-803E-B95132CF7BC6}
	EndGlobalSection
EndGlobal
